
Microsoft Visual Studio Solution File, Format Version 12.00
# Visual Studio Version 16
VisualStudioVersion = 16.0.30523.141
MinimumVisualStudioVersion = 10.0.40219.1
Project("{9A19103F-16F7-4668-BE54-9A1E7A4F7556}") = "MuzGenreBot", "MuzGenreBot\MuzGenreBot.csproj", "{9DD02607-4D35-4F7A-B098-FA6C86036488}"
EndProject
Project("{FAE04EC0-301F-11D3-BF4B-00C04F79EFBC}") = "TelegramBot", "TelegramBot\TelegramBot.csproj", "{A1877E94-A81C-49A0-821E-53C0FFA2293A}"
EndProject
Global
	GlobalSection(SolutionConfigurationPlatforms) = preSolution
		Debug|Any CPU = Debug|Any CPU
		Release|Any CPU = Release|Any CPU
	EndGlobalSection
	GlobalSection(ProjectConfigurationPlatforms) = postSolution
		{9DD02607-4D35-4F7A-B098-FA6C86036488}.Debug|Any CPU.ActiveCfg = Debug|Any CPU
		{9DD02607-4D35-4F7A-B098-FA6C86036488}.Debug|Any CPU.Build.0 = Debug|Any CPU
		{9DD02607-4D35-4F7A-B098-FA6C86036488}.Release|Any CPU.ActiveCfg = Release|Any CPU
		{9DD02607-4D35-4F7A-B098-FA6C86036488}.Release|Any CPU.Build.0 = Release|Any CPU
		{A1877E94-A81C-49A0-821E-53C0FFA2293A}.Debug|Any CPU.ActiveCfg = Debug|Any CPU
		{A1877E94-A81C-49A0-821E-53C0FFA2293A}.Debug|Any CPU.Build.0 = Debug|Any CPU
		{A1877E94-A81C-49A0-821E-53C0FFA2293A}.Release|Any CPU.ActiveCfg = Release|Any CPU
		{A1877E94-A81C-49A0-821E-53C0FFA2293A}.Release|Any CPU.Build.0 = Release|Any CPU
	EndGlobalSection
	GlobalSection(SolutionProperties) = preSolution
		HideSolutionNode = FALSE
	EndGlobalSection
	GlobalSection(ExtensibilityGlobals) = postSolution
		SolutionGuid = {37065D02-8D86-4AEC-B4CC-1126BC1ECE5F}
	EndGlobalSection
EndGlobal
